
Microsoft Visual Studio Solution File, Format Version 12.00
# Visual Studio 14
VisualStudioVersion = 14.0.24720.0
MinimumVisualStudioVersion = 10.0.40219.1
Project("{FAE04EC0-301F-11D3-BF4B-00C04F79EFBC}") = "EmployeeControl", "EmployeeControl\EmployeeControl.csproj", "{CF8673C6-82EF-479E-B457-8EB98BC7B467}"
EndProject
Project("{FAE04EC0-301F-11D3-BF4B-00C04F79EFBC}") = "EmployeeControl.Dal", "EmployeeControl.Dal\EmployeeControl.Dal.csproj", "{1DC3EE6D-930A-4640-8AC7-709855D77AB2}"
EndProject
Global
	GlobalSection(SolutionConfigurationPlatforms) = preSolution
		Debug|Any CPU = Debug|Any CPU
		Release|Any CPU = Release|Any CPU
	EndGlobalSection
	GlobalSection(ProjectConfigurationPlatforms) = postSolution
		{CF8673C6-82EF-479E-B457-8EB98BC7B467}.Debug|Any CPU.ActiveCfg = Debug|Any CPU
		{CF8673C6-82EF-479E-B457-8EB98BC7B467}.Debug|Any CPU.Build.0 = Debug|Any CPU
		{CF8673C6-82EF-479E-B457-8EB98BC7B467}.Release|Any CPU.ActiveCfg = Release|Any CPU
		{CF8673C6-82EF-479E-B457-8EB98BC7B467}.Release|Any CPU.Build.0 = Release|Any CPU
		{1DC3EE6D-930A-4640-8AC7-709855D77AB2}.Debug|Any CPU.ActiveCfg = Debug|Any CPU
		{1DC3EE6D-930A-4640-8AC7-709855D77AB2}.Debug|Any CPU.Build.0 = Debug|Any CPU
		{1DC3EE6D-930A-4640-8AC7-709855D77AB2}.Release|Any CPU.ActiveCfg = Release|Any CPU
		{1DC3EE6D-930A-4640-8AC7-709855D77AB2}.Release|Any CPU.Build.0 = Release|Any CPU
	EndGlobalSection
	GlobalSection(SolutionProperties) = preSolution
		HideSolutionNode = FALSE
	EndGlobalSection
EndGlobal
